Microsoft Visual Studio Solution File, Format Version 12.00
# Visual Studio Version 17
VisualStudioVersion = 17.7.34031.279
MinimumVisualStudioVersion = 16.0.0.0
Project("{9A19103F-16F7-4668-BE54-9A1E7A4F7556}") = "ButtsBlazor.Server", "ButtsBlazor\ButtsBlazor.Server.csproj", "{D9F1DE0C-C7D8-4C65-9D3B-02332917F201}"
EndProject
Project("{9A19103F-16F7-4668-BE54-9A1E7A4F7556}") = "ButtsBlazor.Client", "ButtsBlazor.Client\ButtsBlazor.Client.csproj", "{6ECE38A5-0253-4D58-AFC9-B273774D78E1}"
EndProject
Project("{E53339B2-1760-4266-BCC7-CA923CBCF16C}") = "docker-compose", "docker-compose.dcproj", "{ACC3C1AF-92A5-49E4-8D97-AB471ADC2929}"
EndProject
Project("{9A19103F-16F7-4668-BE54-9A1E7A4F7556}") = "ButtsBlazor.Api", "ButtsBlazor.Api\ButtsBlazor.Api.csproj", "{7D03AA4A-156C-405B-8D80-365DECEA9DA9}"
EndProject
Project("{2150E333-8FDC-42A3-9474-1A3956D46DE8}") = "web", "web", "{1FEB685F-9504-4374-B097-92555E493B16}"
EndProject
Project("{9A19103F-16F7-4668-BE54-9A1E7A4F7556}") = "ButtsBlazor.Shared", "ButtsBlazor.Shared\ButtsBlazor.Shared.csproj", "{17F0B967-8391-4BA7-9812-F936802E9921}"
EndProject
Project("{9A19103F-16F7-4668-BE54-9A1E7A4F7556}") = "KzRemoteApiDesktop", "..\kz-remote-api\Project\KzRemoteApiDesktop.csproj", "{8444B765-C663-4BF6-9C11-A9536844A351}"
EndProject
Project("{9A19103F-16F7-4668-BE54-9A1E7A4F7556}") = "ButtsBlazor.Client.Shared", "ButtsBlazor.Client.Shared\ButtsBlazor.Client.Shared.csproj", "{F26AFA45-E90C-463F-9594-46548CEA6013}"
EndProject
Project("{2150E333-8FDC-42A3-9474-1A3956D46DE8}") = "Solution Items", "Solution Items", "{C320244D-BAFD-4A0D-9E50-70B521B4CB4A}"
EndProject
Project("{2150E333-8FDC-42A3-9474-1A3956D46DE8}") = "util", "util", "{882E7E01-3411-44F7-9650-931E6B822E2D}"
EndProject
Project("{FAE04EC0-301F-11D3-BF4B-00C04F79EFBC}") = "ButtsBlazor.Printer", "ButtsBlazor.Printer\ButtsBlazor.Printer.csproj", "{21B7B0EB-3E62-4C0D-B54F-A0F5914E6498}"
EndProject
Project("{2150E333-8FDC-42A3-9474-1A3956D46DE8}") = "deploy", "deploy", "{B26E6E93-FD06-45F0-AAF9-C189418AFF2F}"
	ProjectSection(SolutionItems) = preProject
		..\deploy\espam.env = ..\deploy\espam.env
		..\deploy\protobooth.env = ..\deploy\protobooth.env
	EndProjectSection
EndProject
Global
	GlobalSection(SolutionConfigurationPlatforms) = preSolution
		Debug|Any CPU = Debug|Any CPU
		Debug|x64 = Debug|x64
		Debug|x86 = Debug|x86
		Release|Any CPU = Release|Any CPU
		Release|x64 = Release|x64
		Release|x86 = Release|x86
	EndGlobalSection
	GlobalSection(ProjectConfigurationPlatforms) = postSolution
		{D9F1DE0C-C7D8-4C65-9D3B-02332917F201}.Debug|Any CPU.ActiveCfg = Debug|Any CPU
		{D9F1DE0C-C7D8-4C65-9D3B-02332917F201}.Debug|Any CPU.Build.0 = Debug|Any CPU
		{D9F1DE0C-C7D8-4C65-9D3B-02332917F201}.Debug|x64.ActiveCfg = Debug|Any CPU
		{D9F1DE0C-C7D8-4C65-9D3B-02332917F201}.Debug|x64.Build.0 = Debug|Any CPU
		{D9F1DE0C-C7D8-4C65-9D3B-02332917F201}.Debug|x86.ActiveCfg = Debug|Any CPU
		{D9F1DE0C-C7D8-4C65-9D3B-02332917F201}.Debug|x86.Build.0 = Debug|Any CPU
		{D9F1DE0C-C7D8-4C65-9D3B-02332917F201}.Release|Any CPU.ActiveCfg = Release|Any CPU
		{D9F1DE0C-C7D8-4C65-9D3B-02332917F201}.Release|Any CPU.Build.0 = Release|Any CPU
		{D9F1DE0C-C7D8-4C65-9D3B-02332917F201}.Release|x64.ActiveCfg = Release|Any CPU
		{D9F1DE0C-C7D8-4C65-9D3B-02332917F201}.Release|x64.Build.0 = Release|Any CPU
		{D9F1DE0C-C7D8-4C65-9D3B-02332917F201}.Release|x86.ActiveCfg = Release|Any CPU
		{D9F1DE0C-C7D8-4C65-9D3B-02332917F201}.Release|x86.Build.0 = Release|Any CPU
		{6ECE38A5-0253-4D58-AFC9-B273774D78E1}.Debug|Any CPU.ActiveCfg = Debug|Any CPU
		{6ECE38A5-0253-4D58-AFC9-B273774D78E1}.Debug|Any CPU.Build.0 = Debug|Any CPU
		{6ECE38A5-0253-4D58-AFC9-B273774D78E1}.Debug|x64.ActiveCfg = Debug|Any CPU
		{6ECE38A5-0253-4D58-AFC9-B273774D78E1}.Debug|x64.Build.0 = Debug|Any CPU
		{6ECE38A5-0253-4D58-AFC9-B273774D78E1}.Debug|x86.ActiveCfg = Debug|Any CPU
		{6ECE38A5-0253-4D58-AFC9-B273774D78E1}.Debug|x86.Build.0 = Debug|Any CPU
		{6ECE38A5-0253-4D58-AFC9-B273774D78E1}.Release|Any CPU.ActiveCfg = Release|Any CPU
		{6ECE38A5-0253-4D58-AFC9-B273774D78E1}.Release|Any CPU.Build.0 = Release|Any CPU
		{6ECE38A5-0253-4D58-AFC9-B273774D78E1}.Release|x64.ActiveCfg = Release|Any CPU
		{6ECE38A5-0253-4D58-AFC9-B273774D78E1}.Release|x64.Build.0 = Release|Any CPU
		{6ECE38A5-0253-4D58-AFC9-B273774D78E1}.Release|x86.ActiveCfg = Release|Any CPU
		{6ECE38A5-0253-4D58-AFC9-B273774D78E1}.Release|x86.Build.0 = Release|Any CPU
		{ACC3C1AF-92A5-49E4-8D97-AB471ADC2929}.Debug|Any CPU.ActiveCfg = Debug|Any CPU
		{ACC3C1AF-92A5-49E4-8D97-AB471ADC2929}.Debug|Any CPU.Build.0 = Debug|Any CPU
		{ACC3C1AF-92A5-49E4-8D97-AB471ADC2929}.Debug|x64.ActiveCfg = Debug|Any CPU
		{ACC3C1AF-92A5-49E4-8D97-AB471ADC2929}.Debug|x64.Build.0 = Debug|Any CPU
		{ACC3C1AF-92A5-49E4-8D97-AB471ADC2929}.Debug|x86.ActiveCfg = Debug|Any CPU
		{ACC3C1AF-92A5-49E4-8D97-AB471ADC2929}.Debug|x86.Build.0 = Debug|Any CPU
		{ACC3C1AF-92A5-49E4-8D97-AB471ADC2929}.Release|Any CPU.ActiveCfg = Release|Any CPU
		{ACC3C1AF-92A5-49E4-8D97-AB471ADC2929}.Release|Any CPU.Build.0 = Release|Any CPU
		{ACC3C1AF-92A5-49E4-8D97-AB471ADC2929}.Release|x64.ActiveCfg = Release|Any CPU
		{ACC3C1AF-92A5-49E4-8D97-AB471ADC2929}.Release|x64.Build.0 = Release|Any CPU
		{ACC3C1AF-92A5-49E4-8D97-AB471ADC2929}.Release|x86.ActiveCfg = Release|Any CPU
		{ACC3C1AF-92A5-49E4-8D97-AB471ADC2929}.Release|x86.Build.0 = Release|Any CPU
		{7D03AA4A-156C-405B-8D80-365DECEA9DA9}.Debug|Any CPU.ActiveCfg = Debug|Any CPU
		{7D03AA4A-156C-405B-8D80-365DECEA9DA9}.Debug|Any CPU.Build.0 = Debug|Any CPU
		{7D03AA4A-156C-405B-8D80-365DECEA9DA9}.Debug|x64.ActiveCfg = Debug|Any CPU
		{7D03AA4A-156C-405B-8D80-365DECEA9DA9}.Debug|x64.Build.0 = Debug|Any CPU
		{7D03AA4A-156C-405B-8D80-365DECEA9DA9}.Debug|x86.ActiveCfg = Debug|Any CPU
		{7D03AA4A-156C-405B-8D80-365DECEA9DA9}.Debug|x86.Build.0 = Debug|Any CPU
		{7D03AA4A-156C-405B-8D80-365DECEA9DA9}.Release|Any CPU.ActiveCfg = Release|Any CPU
		{7D03AA4A-156C-405B-8D80-365DECEA9DA9}.Release|Any CPU.Build.0 = Release|Any CPU
		{7D03AA4A-156C-405B-8D80-365DECEA9DA9}.Release|x64.ActiveCfg = Release|Any CPU
		{7D03AA4A-156C-405B-8D80-365DECEA9DA9}.Release|x64.Build.0 = Release|Any CPU
		{7D03AA4A-156C-405B-8D80-365DECEA9DA9}.Release|x86.ActiveCfg = Release|Any CPU
		{7D03AA4A-156C-405B-8D80-365DECEA9DA9}.Release|x86.Build.0 = Release|Any CPU
		{17F0B967-8391-4BA7-9812-F936802E9921}.Debug|Any CPU.ActiveCfg = Debug|Any CPU
		{17F0B967-8391-4BA7-9812-F936802E9921}.Debug|Any CPU.Build.0 = Debug|Any CPU
		{17F0B967-8391-4BA7-9812-F936802E9921}.Debug|x64.ActiveCfg = Debug|Any CPU
		{17F0B967-8391-4BA7-9812-F936802E9921}.Debug|x64.Build.0 = Debug|Any CPU
		{17F0B967-8391-4BA7-9812-F936802E9921}.Debug|x86.ActiveCfg = Debug|Any CPU
		{17F0B967-8391-4BA7-9812-F936802E9921}.Debug|x86.Build.0 = Debug|Any CPU
		{17F0B967-8391-4BA7-9812-F936802E9921}.Release|Any CPU.ActiveCfg = Release|Any CPU
		{17F0B967-8391-4BA7-9812-F936802E9921}.Release|Any CPU.Build.0 = Release|Any CPU
		{17F0B967-8391-4BA7-9812-F936802E9921}.Release|x64.ActiveCfg = Release|Any CPU
		{17F0B967-8391-4BA7-9812-F936802E9921}.Release|x64.Build.0 = Release|Any CPU
		{17F0B967-8391-4BA7-9812-F936802E9921}.Release|x86.ActiveCfg = Release|Any CPU
		{17F0B967-8391-4BA7-9812-F936802E9921}.Release|x86.Build.0 = Release|Any CPU
		{8444B765-C663-4BF6-9C11-A9536844A351}.Debug|Any CPU.ActiveCfg = Debug|Any CPU
		{8444B765-C663-4BF6-9C11-A9536844A351}.Debug|Any CPU.Build.0 = Debug|Any CPU
		{8444B765-C663-4BF6-9C11-A9536844A351}.Debug|x64.ActiveCfg = Debug|Any CPU
		{8444B765-C663-4BF6-9C11-A9536844A351}.Debug|x64.Build.0 = Debug|Any CPU
		{8444B765-C663-4BF6-9C11-A9536844A351}.Debug|x86.ActiveCfg = Debug|Any CPU
		{8444B765-C663-4BF6-9C11-A9536844A351}.Debug|x86.Build.0 = Debug|Any CPU
		{8444B765-C663-4BF6-9C11-A9536844A351}.Release|Any CPU.ActiveCfg = Release|Any CPU
		{8444B765-C663-4BF6-9C11-A9536844A351}.Release|Any CPU.Build.0 = Release|Any CPU
		{8444B765-C663-4BF6-9C11-A9536844A351}.Release|x64.ActiveCfg = Release|Any CPU
		{8444B765-C663-4BF6-9C11-A9536844A351}.Release|x64.Build.0 = Release|Any CPU
		{8444B765-C663-4BF6-9C11-A9536844A351}.Release|x86.ActiveCfg = Release|Any CPU
		{8444B765-C663-4BF6-9C11-A9536844A351}.Release|x86.Build.0 = Release|Any CPU
		{F26AFA45-E90C-463F-9594-46548CEA6013}.Debug|Any CPU.ActiveCfg = Debug|Any CPU
		{F26AFA45-E90C-463F-9594-46548CEA6013}.Debug|Any CPU.Build.0 = Debug|Any CPU
		{F26AFA45-E90C-463F-9594-46548CEA6013}.Debug|x64.ActiveCfg = Debug|Any CPU
		{F26AFA45-E90C-463F-9594-46548CEA6013}.Debug|x64.Build.0 = Debug|Any CPU
		{F26AFA45-E90C-463F-9594-46548CEA6013}.Debug|x86.ActiveCfg = Debug|Any CPU
		{F26AFA45-E90C-463F-9594-46548CEA6013}.Debug|x86.Build.0 = Debug|Any CPU
		{F26AFA45-E90C-463F-9594-46548CEA6013}.Release|Any CPU.ActiveCfg = Release|Any CPU
		{F26AFA45-E90C-463F-9594-46548CEA6013}.Release|Any CPU.Build.0 = Release|Any CPU
		{F26AFA45-E90C-463F-9594-46548CEA6013}.Release|x64.ActiveCfg = Release|Any CPU
		{F26AFA45-E90C-463F-9594-46548CEA6013}.Release|x64.Build.0 = Release|Any CPU
		{F26AFA45-E90C-463F-9594-46548CEA6013}.Release|x86.ActiveCfg = Release|Any CPU
		{F26AFA45-E90C-463F-9594-46548CEA6013}.Release|x86.Build.0 = Release|Any CPU
		{21B7B0EB-3E62-4C0D-B54F-A0F5914E6498}.Debug|Any CPU.ActiveCfg = Debug|Any CPU
		{21B7B0EB-3E62-4C0D-B54F-A0F5914E6498}.Debug|Any CPU.Build.0 = Debug|Any CPU
		{21B7B0EB-3E62-4C0D-B54F-A0F5914E6498}.Debug|x64.ActiveCfg = Debug|Any CPU
		{21B7B0EB-3E62-4C0D-B54F-A0F5914E6498}.Debug|x64.Build.0 = Debug|Any CPU
		{21B7B0EB-3E62-4C0D-B54F-A0F5914E6498}.Debug|x86.ActiveCfg = Debug|Any CPU
		{21B7B0EB-3E62-4C0D-B54F-A0F5914E6498}.Debug|x86.Build.0 = Debug|Any CPU
		{21B7B0EB-3E62-4C0D-B54F-A0F5914E6498}.Release|Any CPU.ActiveCfg = Release|Any CPU
		{21B7B0EB-3E62-4C0D-B54F-A0F5914E6498}.Release|Any CPU.Build.0 = Release|Any CPU
		{21B7B0EB-3E62-4C0D-B54F-A0F5914E6498}.Release|x64.ActiveCfg = Release|Any CPU
		{21B7B0EB-3E62-4C0D-B54F-A0F5914E6498}.Release|x64.Build.0 = Release|Any CPU
		{21B7B0EB-3E62-4C0D-B54F-A0F5914E6498}.Release|x86.ActiveCfg = Release|Any CPU
		{21B7B0EB-3E62-4C0D-B54F-A0F5914E6498}.Release|x86.Build.0 = Release|Any CPU
	EndGlobalSection
	GlobalSection(SolutionProperties) = preSolution
		HideSolutionNode = FALSE
	EndGlobalSection
	GlobalSection(NestedProjects) = preSolution
		{D9F1DE0C-C7D8-4C65-9D3B-02332917F201} = {1FEB685F-9504-4374-B097-92555E493B16}
		{6ECE38A5-0253-4D58-AFC9-B273774D78E1} = {1FEB685F-9504-4374-B097-92555E493B16}
		{F26AFA45-E90C-463F-9594-46548CEA6013} = {1FEB685F-9504-4374-B097-92555E493B16}
		{21B7B0EB-3E62-4C0D-B54F-A0F5914E6498} = {882E7E01-3411-44F7-9650-931E6B822E2D}
		{B26E6E93-FD06-45F0-AAF9-C189418AFF2F} = {C320244D-BAFD-4A0D-9E50-70B521B4CB4A}
	EndGlobalSection
	GlobalSection(ExtensibilityGlobals) = postSolution
		SolutionGuid = {220D71FC-D106-428B-AAA1-D407019FD6AE}
	EndGlobalSection
EndGlobal
